
Microsoft Visual Studio Solution File, Format Version 12.00
# Visual Studio Version 17
VisualStudioVersion = 17.14.36915.13 d17.14
MinimumVisualStudioVersion = 10.0.40219.1
Project("{FAE04EC0-301F-11D3-BF4B-00C04F79EFBC}") = "Reto", "Reto\Reto.csproj", "{8CB59DFB-D988-4BC2-840C-558DA0534D30}"
EndProject
Global
	GlobalSection(SolutionConfigurationPlatforms) = preSolution
		Debug|Any CPU = Debug|Any CPU
		Release|Any CPU = Release|Any CPU
	EndGlobalSection
	GlobalSection(ProjectConfigurationPlatforms) = postSolution
		{8CB59DFB-D988-4BC2-840C-558DA0534D30}.Debug|Any CPU.ActiveCfg = Debug|Any CPU
		{8CB59DFB-D988-4BC2-840C-558DA0534D30}.Debug|Any CPU.Build.0 = Debug|Any CPU
		{8CB59DFB-D988-4BC2-840C-558DA0534D30}.Release|Any CPU.ActiveCfg = Release|Any CPU
		{8CB59DFB-D988-4BC2-840C-558DA0534D30}.Release|Any CPU.Build.0 = Release|Any CPU
	EndGlobalSection
	GlobalSection(SolutionProperties) = preSolution
		HideSolutionNode = FALSE
	EndGlobalSection
	GlobalSection(ExtensibilityGlobals) = postSolution
		SolutionGuid = {0B61B63C-464C-4BC5-AB1C-1742615404F9}
	EndGlobalSection
EndGlobal
